
Microsoft Visual Studio Solution File, Format Version 12.00
# Visual Studio Version 16
VisualStudioVersion = 16.0.31410.357
MinimumVisualStudioVersion = 10.0.40219.1
Project("{FAE04EC0-301F-11D3-BF4B-00C04F79EFBC}") = "Primer Proyecto de Formulario en visual C Sharp", "Primer Proyecto de Formulario en visual C Sharp.csproj", "{00C4A819-3982-43B1-AD9F-0C6B05EAF311}"
EndProject
Global
	GlobalSection(SolutionConfigurationPlatforms) = preSolution
		Debug|Any CPU = Debug|Any CPU
		Release|Any CPU = Release|Any CPU
	EndGlobalSection
	GlobalSection(ProjectConfigurationPlatforms) = postSolution
		{00C4A819-3982-43B1-AD9F-0C6B05EAF311}.Debug|Any CPU.ActiveCfg = Debug|Any CPU
		{00C4A819-3982-43B1-AD9F-0C6B05EAF311}.Debug|Any CPU.Build.0 = Debug|Any CPU
		{00C4A819-3982-43B1-AD9F-0C6B05EAF311}.Release|Any CPU.ActiveCfg = Release|Any CPU
		{00C4A819-3982-43B1-AD9F-0C6B05EAF311}.Release|Any CPU.Build.0 = Release|Any CPU
	EndGlobalSection
	GlobalSection(SolutionProperties) = preSolution
		HideSolutionNode = FALSE
	EndGlobalSection
	GlobalSection(ExtensibilityGlobals) = postSolution
		SolutionGuid = {BE2F6505-01B8-491B-8549-BB1129B74CA7}
	EndGlobalSection
EndGlobal
